
Microsoft Visual Studio Solution File, Format Version 12.00
# Visual Studio Version 17
VisualStudioVersion = 17.7.34024.191
MinimumVisualStudioVersion = 10.0.40219.1
Project("{9A19103F-16F7-4668-BE54-9A1E7A4F7556}") = "Demoapp", "Demoapp.csproj", "{C7A1222D-8E53-460F-8376-ED8D3FC82BEF}"
EndProject
Global
	GlobalSection(SolutionConfigurationPlatforms) = preSolution
		Debug|Any CPU = Debug|Any CPU
		Release|Any CPU = Release|Any CPU
	EndGlobalSection
	GlobalSection(ProjectConfigurationPlatforms) = postSolution
		{C7A1222D-8E53-460F-8376-ED8D3FC82BEF}.Debug|Any CPU.ActiveCfg = Debug|Any CPU
		{C7A1222D-8E53-460F-8376-ED8D3FC82BEF}.Debug|Any CPU.Build.0 = Debug|Any CPU
		{C7A1222D-8E53-460F-8376-ED8D3FC82BEF}.Release|Any CPU.ActiveCfg = Release|Any CPU
		{C7A1222D-8E53-460F-8376-ED8D3FC82BEF}.Release|Any CPU.Build.0 = Release|Any CPU
	EndGlobalSection
	GlobalSection(SolutionProperties) = preSolution
		HideSolutionNode = FALSE
	EndGlobalSection
	GlobalSection(ExtensibilityGlobals) = postSolution
		SolutionGuid = {4802D8BC-F9EB-45FB-A666-E0C187674882}
	EndGlobalSection
EndGlobal
